// !$*UTF8*$!
{
	archiveVersion = 1;
	classes = {
	};
	objectVersion = 46;
	objects = {

/* Begin PBXBuildFile section */
		8EB91F57194788DF00DB0CC0 /* Foundation.framework in Frameworks */ = {isa = PBXBuildFile; fileRef = 8EB91F56194788DF00DB0CC0 /* Foundation.framework */; };
		8EB91F59194788DF00DB0CC0 /* CoreGraphics.framework in Frameworks */ = {isa = PBXBuildFile; fileRef = 8EB91F58194788DF00DB0CC0 /* CoreGraphics.framework */; };
		8EB91F5B194788DF00DB0CC0 /* UIKit.framework in Frameworks */ = {isa = PBXBuildFile; fileRef = 8EB91F5A194788DF00DB0CC0 /* UIKit.framework */; };
		8EB91F61194788DF00DB0CC0 /* InfoPlist.strings in Resources */ = {isa = PBXBuildFile; fileRef = 8EB91F5F194788DF00DB0CC0 /* InfoPlist.strings */; };
		8EB91F63194788DF00DB0CC0 /* main.m in Sources */ = {isa = PBXBuildFile; fileRef = 8EB91F62194788DF00DB0CC0 /* main.m */; };
		8EB91F67194788DF00DB0CC0 /* PAAppDelegate.m in Sources */ = {isa = PBXBuildFile; fileRef = 8EB91F66194788DF00DB0CC0 /* PAAppDelegate.m */; };
		8EB91F6A194788DF00DB0CC0 /* Main.storyboard in Resources */ = {isa = PBXBuildFile; fileRef = 8EB91F68194788DF00DB0CC0 /* Main.storyboard */; };
		8EB91F6D194788DF00DB0CC0 /* PAViewController.m in Sources */ = {isa = PBXBuildFile; fileRef = 8EB91F6C194788DF00DB0CC0 /* PAViewController.m */; };
		8EB91F6F194788DF00DB0CC0 /* Images.xcassets in Resources */ = {isa = PBXBuildFile; fileRef = 8EB91F6E194788DF00DB0CC0 /* Images.xcassets */; };
		8EB91F76194788DF00DB0CC0 /* XCTest.framework in Frameworks */ = {isa = PBXBuildFile; fileRef = 8EB91F75194788DF00DB0CC0 /* XCTest.framework */; };
		8EB91F77194788DF00DB0CC0 /* Foundation.framework in Frameworks */ = {isa = PBXBuildFile; fileRef = 8EB91F56194788DF00DB0CC0 /* Foundation.framework */; };
		8EB91F78194788DF00DB0CC0 /* UIKit.framework in Frameworks */ = {isa = PBXBuildFile; fileRef = 8EB91F5A194788DF00DB0CC0 /* UIKit.framework */; };
		8EB91F80194788DF00DB0CC0 /* InfoPlist.strings in Resources */ = {isa = PBXBuildFile; fileRef = 8EB91F7E194788DF00DB0CC0 /* InfoPlist.strings */; };
		8EB91F82194788DF00DB0CC0 /* PhotoAlbumTests.m in Sources */ = {isa = PBXBuildFile; fileRef = 8EB91F81194788DF00DB0CC0 /* PhotoAlbumTests.m */; };
		8EB91F8D19478C6900DB0CC0 /* login_button.png in Resources */ = {isa = PBXBuildFile; fileRef = 8EB91F8C19478C6900DB0CC0 /* login_button.png */; };
		8EB91F8F19478CB300DB0CC0 /* register_button.png in Resources */ = {isa = PBXBuildFile; fileRef = 8EB91F8E19478CB300DB0CC0 /* register_button.png */; };
		8EB91F9119478DCA00DB0CC0 /* logo.png in Resources */ = {isa = PBXBuildFile; fileRef = 8EB91F9019478DCA00DB0CC0 /* logo.png */; };
		8EB91F971947966C00DB0CC0 /* PATableViewController.m in Sources */ = {isa = PBXBuildFile; fileRef = 8EB91F961947966C00DB0CC0 /* PATableViewController.m */; };
		8ECA51C61947A5660034C3DD /* Heatmaps.framework in Frameworks */ = {isa = PBXBuildFile; fileRef = 8ECA51C51947A5660034C3DD /* Heatmaps.framework */; };
		8ECA51C81947A6A60034C3DD /* CFNetwork.framework in Frameworks */ = {isa = PBXBuildFile; fileRef = 8ECA51C71947A6A60034C3DD /* CFNetwork.framework */; };
		8ECA51CA1947A6BC0034C3DD /* SystemConfiguration.framework in Frameworks */ = {isa = PBXBuildFile; fileRef = 8ECA51C91947A6BC0034C3DD /* SystemConfiguration.framework */; };
		8ECA51CC1947A6C80034C3DD /* MobileCoreServices.framework in Frameworks */ = {isa = PBXBuildFile; fileRef = 8ECA51CB1947A6C80034C3DD /* MobileCoreServices.framework */; };
		8ECA51CE1947A6D40034C3DD /* libz.dylib in Frameworks */ = {isa = PBXBuildFile; fileRef = 8ECA51CD1947A6D40034C3DD /* libz.dylib */; };
		8ECA51D01948B9580034C3DD /* five.png in Resources */ = {isa = PBXBuildFile; fileRef = 8ECA51CF1948B9580034C3DD /* five.png */; };
		8ECA51D31948BC600034C3DD /* PADetailsViewController.m in Sources */ = {isa = PBXBuildFile; fileRef = 8ECA51D21948BC600034C3DD /* PADetailsViewController.m */; };
		8ECA51D81948C25C0034C3DD /* four.png in Resources */ = {isa = PBXBuildFile; fileRef = 8ECA51D41948C25C0034C3DD /* four.png */; };
		8ECA51D91948C25C0034C3DD /* one.png in Resources */ = {isa = PBXBuildFile; fileRef = 8ECA51D51948C25C0034C3DD /* one.png */; };
		8ECA51DA1948C25C0034C3DD /* three.png in Resources */ = {isa = PBXBuildFile; fileRef = 8ECA51D61948C25C0034C3DD /* three.png */; };
		8ECA51DB1948C25C0034C3DD /* two.png in Resources */ = {isa = PBXBuildFile; fileRef = 8ECA51D71948C25C0034C3DD /* two.png */; };
		8ECA51E41948C7B40034C3DD /* libGoogleAnalyticsServices.a in Frameworks */ = {isa = PBXBuildFile; fileRef = 8ECA51E31948C7B40034C3DD /* libGoogleAnalyticsServices.a */; };
		8ECA51E61948C8240034C3DD /* CoreData.framework in Frameworks */ = {isa = PBXBuildFile; fileRef = 8ECA51E51948C8240034C3DD /* CoreData.framework */; };
		8ECA51E81948C84A0034C3DD /* AdSupport.framework in Frameworks */ = {isa = PBXBuildFile; fileRef = 8ECA51E71948C84A0034C3DD /* AdSupport.framework */; };
		8ECA51EA1948CB590034C3DD /* libsqlite3.dylib in Frameworks */ = {isa = PBXBuildFile; fileRef = 8ECA51E91948CB590034C3DD /* libsqlite3.dylib */; };
/* End PBXBuildFile section */

/* Begin PBXContainerItemProxy section */
		8EB91F79194788DF00DB0CC0 /* PBXContainerItemProxy */ = {
			isa = PBXContainerItemProxy;
			containerPortal = 8EB91F4B194788DF00DB0CC0 /* Project object */;
			proxyType = 1;
			remoteGlobalIDString = 8EB91F52194788DF00DB0CC0;
			remoteInfo = PhotoAlbum;
		};
/* End PBXContainerItemProxy section */

/* Begin PBXFileReference section */
		8EB91F53194788DF00DB0CC0 /* PhotoAlbum.app */ = {isa = PBXFileReference; explicitFileType = wrapper.application; includeInIndex = 0; path = PhotoAlbum.app; sourceTree = BUILT_PRODUCTS_DIR; };
		8EB91F56194788DF00DB0CC0 /* Foundation.framework */ = {isa = PBXFileReference; lastKnownFileType = wrapper.framework; name = Foundation.framework; path = System/Library/Frameworks/Foundation.framework; sourceTree = SDKROOT; };
		8EB91F58194788DF00DB0CC0 /* CoreGraphics.framework */ = {isa = PBXFileReference; lastKnownFileType = wrapper.framework; name = CoreGraphics.framework; path = System/Library/Frameworks/CoreGraphics.framework; sourceTree = SDKROOT; };
		8EB91F5A194788DF00DB0CC0 /* UIKit.framework */ = {isa = PBXFileReference; lastKnownFileType = wrapper.framework; name = UIKit.framework; path = System/Library/Frameworks/UIKit.framework; sourceTree = SDKROOT; };
		8EB91F5E194788DF00DB0CC0 /* PhotoAlbum-Info.plist */ = {isa = PBXFileReference; lastKnownFileType = text.plist.xml; path = "PhotoAlbum-Info.plist"; sourceTree = "<group>"; };
		8EB91F60194788DF00DB0CC0 /* en */ = {isa = PBXFileReference; lastKnownFileType = text.plist.strings; name = en; path = en.lproj/InfoPlist.strings; sourceTree = "<group>"; };
		8EB91F62194788DF00DB0CC0 /* main.m */ = {isa = PBXFileReference; lastKnownFileType = sourcecode.c.objc; path = main.m; sourceTree = "<group>"; };
		8EB91F64194788DF00DB0CC0 /* PhotoAlbum-Prefix.pch */ = {isa = PBXFileReference; lastKnownFileType = sourcecode.c.h; path = "PhotoAlbum-Prefix.pch"; sourceTree = "<group>"; };
		8EB91F65194788DF00DB0CC0 /* PAAppDelegate.h */ = {isa = PBXFileReference; lastKnownFileType = sourcecode.c.h; path = PAAppDelegate.h; sourceTree = "<group>"; };
		8EB91F66194788DF00DB0CC0 /* PAAppDelegate.m */ = {isa = PBXFileReference; lastKnownFileType = sourcecode.c.objc; path = PAAppDelegate.m; sourceTree = "<group>"; };
		8EB91F69194788DF00DB0CC0 /* Base */ = {isa = PBXFileReference; lastKnownFileType = file.storyboard; name = Base; path = Base.lproj/Main.storyboard; sourceTree = "<group>"; };
		8EB91F6B194788DF00DB0CC0 /* PAViewController.h */ = {isa = PBXFileReference; lastKnownFileType = sourcecode.c.h; path = PAViewController.h; sourceTree = "<group>"; };
		8EB91F6C194788DF00DB0CC0 /* PAViewController.m */ = {isa = PBXFileReference; lastKnownFileType = sourcecode.c.objc; path = PAViewController.m; sourceTree = "<group>"; };
		8EB91F6E194788DF00DB0CC0 /* Images.xcassets */ = {isa = PBXFileReference; lastKnownFileType = folder.assetcatalog; path = Images.xcassets; sourceTree = "<group>"; };
		8EB91F74194788DF00DB0CC0 /* PhotoAlbumTests.xctest */ = {isa = PBXFileReference; explicitFileType = wrapper.cfbundle; includeInIndex = 0; path = PhotoAlbumTests.xctest; sourceTree = BUILT_PRODUCTS_DIR; };
		8EB91F75194788DF00DB0CC0 /* XCTest.framework */ = {isa = PBXFileReference; lastKnownFileType = wrapper.framework; name = XCTest.framework; path = Library/Frameworks/XCTest.framework; sourceTree = DEVELOPER_DIR; };
		8EB91F7D194788DF00DB0CC0 /* PhotoAlbumTests-Info.plist */ = {isa = PBXFileReference; lastKnownFileType = text.plist.xml; path = "PhotoAlbumTests-Info.plist"; sourceTree = "<group>"; };
		8EB91F7F194788DF00DB0CC0 /* en */ = {isa = PBXFileReference; lastKnownFileType = text.plist.strings; name = en; path = en.lproj/InfoPlist.strings; sourceTree = "<group>"; };
		8EB91F81194788DF00DB0CC0 /* PhotoAlbumTests.m */ = {isa = PBXFileReference; lastKnownFileType = sourcecode.c.objc; path = PhotoAlbumTests.m; sourceTree = "<group>"; };
		8EB91F8C19478C6900DB0CC0 /* login_button.png */ = {isa = PBXFileReference; lastKnownFileType = image.png; path = login_button.png; sourceTree = "<group>"; };
		8EB91F8E19478CB300DB0CC0 /* register_button.png */ = {isa = PBXFileReference; lastKnownFileType = image.png; path = register_button.png; sourceTree = "<group>"; };
		8EB91F9019478DCA00DB0CC0 /* logo.png */ = {isa = PBXFileReference; lastKnownFileType = image.png; path = logo.png; sourceTree = "<group>"; };
		8EB91F951947966C00DB0CC0 /* PATableViewController.h */ = {isa = PBXFileReference; fileEncoding = 4; lastKnownFileType = sourcecode.c.h; path = PATableViewController.h; sourceTree = "<group>"; };
		8EB91F961947966C00DB0CC0 /* PATableViewController.m */ = {isa = PBXFileReference; fileEncoding = 4; lastKnownFileType = sourcecode.c.objc; path = PATableViewController.m; sourceTree = "<group>"; };
		8ECA51C51947A5660034C3DD /* Heatmaps.framework */ = {isa = PBXFileReference; lastKnownFileType = wrapper.framework; path = Heatmaps.framework; sourceTree = "<group>"; };
		8ECA51C71947A6A60034C3DD /* CFNetwork.framework */ = {isa = PBXFileReference; lastKnownFileType = wrapper.framework; name = CFNetwork.framework; path = System/Library/Frameworks/CFNetwork.framework; sourceTree = SDKROOT; };
		8ECA51C91947A6BC0034C3DD /* SystemConfiguration.framework */ = {isa = PBXFileReference; lastKnownFileType = wrapper.framework; name = SystemConfiguration.framework; path = System/Library/Frameworks/SystemConfiguration.framework; sourceTree = SDKROOT; };
		8ECA51CB1947A6C80034C3DD /* MobileCoreServices.framework */ = {isa = PBXFileReference; lastKnownFileType = wrapper.framework; name = MobileCoreServices.framework; path = System/Library/Frameworks/MobileCoreServices.framework; sourceTree = SDKROOT; };
		8ECA51CD1947A6D40034C3DD /* libz.dylib */ = {isa = PBXFileReference; lastKnownFileType = "compiled.mach-o.dylib"; name = libz.dylib; path = usr/lib/libz.dylib; sourceTree = SDKROOT; };
		8ECA51CF1948B9580034C3DD /* five.png */ = {isa = PBXFileReference; lastKnownFileType = image.png; path = five.png; sourceTree = "<group>"; };
		8ECA51D11948BC600034C3DD /* PADetailsViewController.h */ = {isa = PBXFileReference; fileEncoding = 4; lastKnownFileType = sourcecode.c.h; path = PADetailsViewController.h; sourceTree = "<group>"; };
		8ECA51D21948BC600034C3DD /* PADetailsViewController.m */ = {isa = PBXFileReference; fileEncoding = 4; lastKnownFileType = sourcecode.c.objc; path = PADetailsViewController.m; sourceTree = "<group>"; };
		8ECA51D41948C25C0034C3DD /* four.png */ = {isa = PBXFileReference; lastKnownFileType = image.png; path = four.png; sourceTree = "<group>"; };
		8ECA51D51948C25C0034C3DD /* one.png */ = {isa = PBXFileReference; lastKnownFileType = image.png; path = one.png; sourceTree = "<group>"; };
		8ECA51D61948C25C0034C3DD /* three.png */ = {isa = PBXFileReference; lastKnownFileType = image.png; path = three.png; sourceTree = "<group>"; };
		8ECA51D71948C25C0034C3DD /* two.png */ = {isa = PBXFileReference; lastKnownFileType = image.png; path = two.png; sourceTree = "<group>"; };
		8ECA51DD1948C7940034C3DD /* GAI.h */ = {isa = PBXFileReference; lastKnownFileType = sourcecode.c.h; path = GAI.h; sourceTree = "<group>"; };
		8ECA51DE1948C7940034C3DD /* GAIDictionaryBuilder.h */ = {isa = PBXFileReference; lastKnownFileType = sourcecode.c.h; path = GAIDictionaryBuilder.h; sourceTree = "<group>"; };
		8ECA51DF1948C7940034C3DD /* GAIFields.h */ = {isa = PBXFileReference; lastKnownFileType = sourcecode.c.h; path = GAIFields.h; sourceTree = "<group>"; };
		8ECA51E01948C7940034C3DD /* GAILogger.h */ = {isa = PBXFileReference; lastKnownFileType = sourcecode.c.h; path = GAILogger.h; sourceTree = "<group>"; };
		8ECA51E11948C7940034C3DD /* GAITrackedViewController.h */ = {isa = PBXFileReference; lastKnownFileType = sourcecode.c.h; path = GAITrackedViewController.h; sourceTree = "<group>"; };
		8ECA51E21948C7940034C3DD /* GAITracker.h */ = {isa = PBXFileReference; lastKnownFileType = sourcecode.c.h; path = GAITracker.h; sourceTree = "<group>"; };
		8ECA51E31948C7B40034C3DD /* libGoogleAnalyticsServices.a */ = {isa = PBXFileReference; lastKnownFileType = archive.ar; path = libGoogleAnalyticsServices.a; sourceTree = "<group>"; };
		8ECA51E51948C8240034C3DD /* CoreData.framework */ = {isa = PBXFileReference; lastKnownFileType = wrapper.framework; name = CoreData.framework; path = System/Library/Frameworks/CoreData.framework; sourceTree = SDKROOT; };
		8ECA51E71948C84A0034C3DD /* AdSupport.framework */ = {isa = PBXFileReference; lastKnownFileType = wrapper.framework; name = AdSupport.framework; path = System/Library/Frameworks/AdSupport.framework; sourceTree = SDKROOT; };
		8ECA51E91948CB590034C3DD /* libsqlite3.dylib */ = {isa = PBXFileReference; lastKnownFileType = "compiled.mach-o.dylib"; name = libsqlite3.dylib; path = usr/lib/libsqlite3.dylib; sourceTree = SDKROOT; };
/* End PBXFileReference section */

/* Begin PBXFrameworksBuildPhase section */
		8EB91F50194788DF00DB0CC0 /* Frameworks */ = {
			isa = PBXFrameworksBuildPhase;
			buildActionMask = 2147483647;
			files = (
				8ECA51EA1948CB590034C3DD /* libsqlite3.dylib in Frameworks */,
				8ECA51E81948C84A0034C3DD /* AdSupport.framework in Frameworks */,
				8ECA51E61948C8240034C3DD /* CoreData.framework in Frameworks */,
				8ECA51CE1947A6D40034C3DD /* libz.dylib in Frameworks */,
				8ECA51CC1947A6C80034C3DD /* MobileCoreServices.framework in Frameworks */,
				8ECA51E41948C7B40034C3DD /* libGoogleAnalyticsServices.a in Frameworks */,
				8ECA51CA1947A6BC0034C3DD /* SystemConfiguration.framework in Frameworks */,
				8ECA51C81947A6A60034C3DD /* CFNetwork.framework in Frameworks */,
				8EB91F59194788DF00DB0CC0 /* CoreGraphics.framework in Frameworks */,
				8ECA51C61947A5660034C3DD /* Heatmaps.framework in Frameworks */,
				8EB91F5B194788DF00DB0CC0 /* UIKit.framework in Frameworks */,
				8EB91F57194788DF00DB0CC0 /* Foundation.framework in Frameworks */,
			);
			runOnlyForDeploymentPostprocessing = 0;
		};
		8EB91F71194788DF00DB0CC0 /* Frameworks */ = {
			isa = PBXFrameworksBuildPhase;
			buildActionMask = 2147483647;
			files = (
				8EB91F76194788DF00DB0CC0 /* XCTest.framework in Frameworks */,
				8EB91F78194788DF00DB0CC0 /* UIKit.framework in Frameworks */,
				8EB91F77194788DF00DB0CC0 /* Foundation.framework in Frameworks */,
			);
			runOnlyForDeploymentPostprocessing = 0;
		};
/* End PBXFrameworksBuildPhase section */

/* Begin PBXGroup section */
		8EB91F4A194788DF00DB0CC0 = {
			isa = PBXGroup;
			children = (
				8EB91F5C194788DF00DB0CC0 /* PhotoAlbum */,
				8EB91F7B194788DF00DB0CC0 /* PhotoAlbumTests */,
				8EB91F55194788DF00DB0CC0 /* Frameworks */,
				8EB91F54194788DF00DB0CC0 /* Products */,
			);
			sourceTree = "<group>";
		};
		8EB91F54194788DF00DB0CC0 /* Products */ = {
			isa = PBXGroup;
			children = (
				8EB91F53194788DF00DB0CC0 /* PhotoAlbum.app */,
				8EB91F74194788DF00DB0CC0 /* PhotoAlbumTests.xctest */,
			);
			name = Products;
			sourceTree = "<group>";
		};
		8EB91F55194788DF00DB0CC0 /* Frameworks */ = {
			isa = PBXGroup;
			children = (
				8ECA51E91948CB590034C3DD /* libsqlite3.dylib */,
				8ECA51E71948C84A0034C3DD /* AdSupport.framework */,
				8ECA51E51948C8240034C3DD /* CoreData.framework */,
				8ECA51CD1947A6D40034C3DD /* libz.dylib */,
				8ECA51CB1947A6C80034C3DD /* MobileCoreServices.framework */,
				8ECA51C91947A6BC0034C3DD /* SystemConfiguration.framework */,
				8ECA51C71947A6A60034C3DD /* CFNetwork.framework */,
				8ECA51C51947A5660034C3DD /* Heatmaps.framework */,
				8EB91F56194788DF00DB0CC0 /* Foundation.framework */,
				8EB91F58194788DF00DB0CC0 /* CoreGraphics.framework */,
				8EB91F5A194788DF00DB0CC0 /* UIKit.framework */,
				8EB91F75194788DF00DB0CC0 /* XCTest.framework */,
			);
			name = Frameworks;
			sourceTree = "<group>";
		};
		8EB91F5C194788DF00DB0CC0 /* PhotoAlbum */ = {
			isa = PBXGroup;
			children = (
				8ECA51DC1948C77E0034C3DD /* Google Analytics */,
				8EB91F65194788DF00DB0CC0 /* PAAppDelegate.h */,
				8EB91F66194788DF00DB0CC0 /* PAAppDelegate.m */,
				8EB91F68194788DF00DB0CC0 /* Main.storyboard */,
				8EB91F6B194788DF00DB0CC0 /* PAViewController.h */,
				8EB91F6C194788DF00DB0CC0 /* PAViewController.m */,
				8EB91F6E194788DF00DB0CC0 /* Images.xcassets */,
				8EB91F8B19478C5500DB0CC0 /* Resources */,
				8EB91F5D194788DF00DB0CC0 /* Supporting Files */,
				8EB91F951947966C00DB0CC0 /* PATableViewController.h */,
				8EB91F961947966C00DB0CC0 /* PATableViewController.m */,
				8ECA51D11948BC600034C3DD /* PADetailsViewController.h */,
				8ECA51D21948BC600034C3DD /* PADetailsViewController.m */,
			);
			path = PhotoAlbum;
			sourceTree = "<group>";
		};
		8EB91F5D194788DF00DB0CC0 /* Supporting Files */ = {
			isa = PBXGroup;
			children = (
				8EB91F5E194788DF00DB0CC0 /* PhotoAlbum-Info.plist */,
				8EB91F5F194788DF00DB0CC0 /* InfoPlist.strings */,
				8EB91F62194788DF00DB0CC0 /* main.m */,
				8EB91F64194788DF00DB0CC0 /* PhotoAlbum-Prefix.pch */,
			);
			name = "Supporting Files";
			sourceTree = "<group>";
		};
		8EB91F7B194788DF00DB0CC0 /* PhotoAlbumTests */ = {
			isa = PBXGroup;
			children = (
				8EB91F81194788DF00DB0CC0 /* PhotoAlbumTests.m */,
				8EB91F7C194788DF00DB0CC0 /* Supporting Files */,
			);
			path = PhotoAlbumTests;
			sourceTree = "<group>";
		};
		8EB91F7C194788DF00DB0CC0 /* Supporting Files */ = {
			isa = PBXGroup;
			children = (
				8EB91F7D194788DF00DB0CC0 /* PhotoAlbumTests-Info.plist */,
				8EB91F7E194788DF00DB0CC0 /* InfoPlist.strings */,
			);
			name = "Supporting Files";
			sourceTree = "<group>";
		};
		8EB91F8B19478C5500DB0CC0 /* Resources */ = {
			isa = PBXGroup;
			children = (
				8ECA51D41948C25C0034C3DD /* four.png */,
				8ECA51D51948C25C0034C3DD /* one.png */,
				8ECA51D61948C25C0034C3DD /* three.png */,
				8ECA51D71948C25C0034C3DD /* two.png */,
				8ECA51CF1948B9580034C3DD /* five.png */,
				8EB91F9019478DCA00DB0CC0 /* logo.png */,
				8EB91F8E19478CB300DB0CC0 /* register_button.png */,
				8EB91F8C19478C6900DB0CC0 /* login_button.png */,
			);
			name = Resources;
			sourceTree = "<group>";
		};
		8ECA51DC1948C77E0034C3DD /* Google Analytics */ = {
			isa = PBXGroup;
			children = (
				8ECA51E31948C7B40034C3DD /* libGoogleAnalyticsServices.a */,
				8ECA51DD1948C7940034C3DD /* GAI.h */,
				8ECA51DE1948C7940034C3DD /* GAIDictionaryBuilder.h */,
				8ECA51DF1948C7940034C3DD /* GAIFields.h */,
				8ECA51E01948C7940034C3DD /* GAILogger.h */,
				8ECA51E11948C7940034C3DD /* GAITrackedViewController.h */,
				8ECA51E21948C7940034C3DD /* GAITracker.h */,
			);
			name = "Google Analytics";
			sourceTree = "<group>";
		};
/* End PBXGroup section */

/* Begin PBXNativeTarget section */
		8EB91F52194788DF00DB0CC0 /* PhotoAlbum */ = {
			isa = PBXNativeTarget;
			buildConfigurationList = 8EB91F85194788DF00DB0CC0 /* Build configuration list for PBXNativeTarget "PhotoAlbum" */;
			buildPhases = (
				8EB91F4F194788DF00DB0CC0 /* Sources */,
				8EB91F50194788DF00DB0CC0 /* Frameworks */,
				8EB91F51194788DF00DB0CC0 /* Resources */,
			);
			buildRules = (
			);
			dependencies = (
			);
			name = PhotoAlbum;
			productName = PhotoAlbum;
			productReference = 8EB91F53194788DF00DB0CC0 /* PhotoAlbum.app */;
			productType = "com.apple.product-type.application";
		};
		8EB91F73194788DF00DB0CC0 /* PhotoAlbumTests */ = {
			isa = PBXNativeTarget;
			buildConfigurationList = 8EB91F88194788DF00DB0CC0 /* Build configuration list for PBXNativeTarget "PhotoAlbumTests" */;
			buildPhases = (
				8EB91F70194788DF00DB0CC0 /* Sources */,
				8EB91F71194788DF00DB0CC0 /* Frameworks */,
				8EB91F72194788DF00DB0CC0 /* Resources */,
			);
			buildRules = (
			);
			dependencies = (
				8EB91F7A194788DF00DB0CC0 /* PBXTargetDependency */,
			);
			name = PhotoAlbumTests;
			productName = PhotoAlbumTests;
			productReference = 8EB91F74194788DF00DB0CC0 /* PhotoAlbumTests.xctest */;
			productType = "com.apple.product-type.bundle.unit-test";
		};
/* End PBXNativeTarget section */

/* Begin PBXProject section */
		8EB91F4B194788DF00DB0CC0 /* Project object */ = {
			isa = PBXProject;
			attributes = {
				CLASSPREFIX = PA;
				LastUpgradeCheck = 0510;
				ORGANIZATIONNAME = "Kamil Szwaba";
				TargetAttributes = {
					8EB91F73194788DF00DB0CC0 = {
						TestTargetID = 8EB91F52194788DF00DB0CC0;
					};
				};
			};
			buildConfigurationList = 8EB91F4E194788DF00DB0CC0 /* Build configuration list for PBXProject "PhotoAlbum" */;
			compatibilityVersion = "Xcode 3.2";
			developmentRegion = English;
			hasScannedForEncodings = 0;
			knownRegions = (
				en,
				Base,
			);
			mainGroup = 8EB91F4A194788DF00DB0CC0;
			productRefGroup = 8EB91F54194788DF00DB0CC0 /* Products */;
			projectDirPath = "";
			projectRoot = "";
			targets = (
				8EB91F52194788DF00DB0CC0 /* PhotoAlbum */,
				8EB91F73194788DF00DB0CC0 /* PhotoAlbumTests */,
			);
		};
/* End PBXProject section */

/* Begin PBXResourcesBuildPhase section */
		8EB91F51194788DF00DB0CC0 /* Resources */ = {
			isa = PBXResourcesBuildPhase;
			buildActionMask = 2147483647;
			files = (
				8EB91F6F194788DF00DB0CC0 /* Images.xcassets in Resources */,
				8EB91F61194788DF00DB0CC0 /* InfoPlist.strings in Resources */,
				8ECA51D01948B9580034C3DD /* five.png in Resources */,
				8EB91F6A194788DF00DB0CC0 /* Main.storyboard in Resources */,
				8ECA51DA1948C25C0034C3DD /* three.png in Resources */,
				8EB91F8F19478CB300DB0CC0 /* register_button.png in Resources */,
				8EB91F9119478DCA00DB0CC0 /* logo.png in Resources */,
				8ECA51DB1948C25C0034C3DD /* two.png in Resources */,
				8ECA51D91948C25C0034C3DD /* one.png in Resources */,
				8EB91F8D19478C6900DB0CC0 /* login_button.png in Resources */,
				8ECA51D81948C25C0034C3DD /* four.png in Resources */,
			);
			runOnlyForDeploymentPostprocessing = 0;
		};
		8EB91F72194788DF00DB0CC0 /* Resources */ = {
			isa = PBXResourcesBuildPhase;
			buildActionMask = 2147483647;
			files = (
				8EB91F80194788DF00DB0CC0 /* InfoPlist.strings in Resources */,
			);
			runOnlyForDeploymentPostprocessing = 0;
		};
/* End PBXResourcesBuildPhase section */

/* Begin PBXSourcesBuildPhase section */
		8EB91F4F194788DF00DB0CC0 /* Sources */ = {
			isa = PBXSourcesBuildPhase;
			buildActionMask = 2147483647;
			files = (
				8EB91F63194788DF00DB0CC0 /* main.m in Sources */,
				8ECA51D31948BC600034C3DD /* PADetailsViewController.m in Sources */,
				8EB91F6D194788DF00DB0CC0 /* PAViewController.m in Sources */,
				8EB91F971947966C00DB0CC0 /* PATableViewController.m in Sources */,
				8EB91F67194788DF00DB0CC0 /* PAAppDelegate.m in Sources */,
			);
			runOnlyForDeploymentPostprocessing = 0;
		};
		8EB91F70194788DF00DB0CC0 /* Sources */ = {
			isa = PBXSourcesBuildPhase;
			buildActionMask = 2147483647;
			files = (
				8EB91F82194788DF00DB0CC0 /* PhotoAlbumTests.m in Sources */,
			);
			runOnlyForDeploymentPostprocessing = 0;
		};
/* End PBXSourcesBuildPhase section */

/* Begin PBXTargetDependency section */
		8EB91F7A194788DF00DB0CC0 /* PBXTargetDependency */ = {
			isa = PBXTargetDependency;
			target = 8EB91F52194788DF00DB0CC0 /* PhotoAlbum */;
			targetProxy = 8EB91F79194788DF00DB0CC0 /* PBXContainerItemProxy */;
		};
/* End PBXTargetDependency section */

/* Begin PBXVariantGroup section */
		8EB91F5F194788DF00DB0CC0 /* InfoPlist.strings */ = {
			isa = PBXVariantGroup;
			children = (
				8EB91F60194788DF00DB0CC0 /* en */,
			);
			name = InfoPlist.strings;
			sourceTree = "<group>";
		};
		8EB91F68194788DF00DB0CC0 /* Main.storyboard */ = {
			isa = PBXVariantGroup;
			children = (
				8EB91F69194788DF00DB0CC0 /* Base */,
			);
			name = Main.storyboard;
			sourceTree = "<group>";
		};
		8EB91F7E194788DF00DB0CC0 /* InfoPlist.strings */ = {
			isa = PBXVariantGroup;
			children = (
				8EB91F7F194788DF00DB0CC0 /* en */,
			);
			name = InfoPlist.strings;
			sourceTree = "<group>";
		};
/* End PBXVariantGroup section */

/* Begin XCBuildConfiguration section */
		8EB91F83194788DF00DB0CC0 /* Debug */ = {
			isa = XCBuildConfiguration;
			buildSettings = {
				ALWAYS_SEARCH_USER_PATHS = NO;
				CLANG_CXX_LANGUAGE_STANDARD = "gnu++0x";
				CLANG_CXX_LIBRARY = "libc++";
				CLANG_ENABLE_MODULES = YES;
				CLANG_ENABLE_OBJC_ARC = YES;
				CLANG_WARN_BOOL_CONVERSION = YES;
				CLANG_WARN_CONSTANT_CONVERSION = YES;
				CLANG_WARN_DIRECT_OBJC_ISA_USAGE = YES_ERROR;
				CLANG_WARN_EMPTY_BODY = YES;
				CLANG_WARN_ENUM_CONVERSION = YES;
				CLANG_WARN_INT_CONVERSION = YES;
				CLANG_WARN_OBJC_ROOT_CLASS = YES_ERROR;
				CLANG_WARN__DUPLICATE_METHOD_MATCH = YES;
				"CODE_SIGN_IDENTITY[sdk=iphoneos*]" = "iPhone Developer";
				COPY_PHASE_STRIP = NO;
				GCC_C_LANGUAGE_STANDARD = gnu99;
				GCC_DYNAMIC_NO_PIC = NO;
				GCC_OPTIMIZATION_LEVEL = 0;
				GCC_PREPROCESSOR_DEFINITIONS = (
					"DEBUG=1",
					"$(inherited)",
				);
				GCC_SYMBOLS_PRIVATE_EXTERN = NO;
				GCC_WARN_64_TO_32_BIT_CONVERSION = YES;
				GCC_WARN_ABOUT_RETURN_TYPE = YES_ERROR;
				GCC_WARN_UNDECLARED_SELECTOR = YES;
				GCC_WARN_UNINITIALIZED_AUTOS = YES_AGGRESSIVE;
				GCC_WARN_UNUSED_FUNCTION = YES;
				GCC_WARN_UNUSED_VARIABLE = YES;
				IPHONEOS_DEPLOYMENT_TARGET = 7.1;
				ONLY_ACTIVE_ARCH = YES;
				SDKROOT = iphoneos;
			};
			name = Debug;
		};
		8EB91F84194788DF00DB0CC0 /* Release */ = {
			isa = XCBuildConfiguration;
			buildSettings = {
				ALWAYS_SEARCH_USER_PATHS = NO;
				CLANG_CXX_LANGUAGE_STANDARD = "gnu++0x";
				CLANG_CXX_LIBRARY = "libc++";
				CLANG_ENABLE_MODULES = YES;
				CLANG_ENABLE_OBJC_ARC = YES;
				CLANG_WARN_BOOL_CONVERSION = YES;
				CLANG_WARN_CONSTANT_CONVERSION = YES;
				CLANG_WARN_DIRECT_OBJC_ISA_USAGE = YES_ERROR;
				CLANG_WARN_EMPTY_BODY = YES;
				CLANG_WARN_ENUM_CONVERSION = YES;
				CLANG_WARN_INT_CONVERSION = YES;
				CLANG_WARN_OBJC_ROOT_CLASS = YES_ERROR;
				CLANG_WARN__DUPLICATE_METHOD_MATCH = YES;
				"CODE_SIGN_IDENTITY[sdk=iphoneos*]" = "iPhone Developer";
				COPY_PHASE_STRIP = YES;
				ENABLE_NS_ASSERTIONS = NO;
				GCC_C_LANGUAGE_STANDARD = gnu99;
				GCC_WARN_64_TO_32_BIT_CONVERSION = YES;
				GCC_WARN_ABOUT_RETURN_TYPE = YES_ERROR;
				GCC_WARN_UNDECLARED_SELECTOR = YES;
				GCC_WARN_UNINITIALIZED_AUTOS = YES_AGGRESSIVE;
				GCC_WARN_UNUSED_FUNCTION = YES;
				GCC_WARN_UNUSED_VARIABLE = YES;
				IPHONEOS_DEPLOYMENT_TARGET = 7.1;
				SDKROOT = iphoneos;
				VALIDATE_PRODUCT = YES;
			};
			name = Release;
		};
		8EB91F86194788DF00DB0CC0 /* Debug */ = {
			isa = XCBuildConfiguration;
			buildSettings = {
				ASSETCATALOG_COMPILER_APPICON_NAME = AppIcon;
				ASSETCATALOG_COMPILER_LAUNCHIMAGE_NAME = LaunchImage;
				FRAMEWORK_SEARCH_PATHS = (
					"$(inherited)",
					"$(PROJECT_DIR)",
				);
				GCC_PRECOMPILE_PREFIX_HEADER = YES;
				GCC_PREFIX_HEADER = "PhotoAlbum/PhotoAlbum-Prefix.pch";
				INFOPLIST_FILE = "PhotoAlbum/PhotoAlbum-Info.plist";
				LIBRARY_SEARCH_PATHS = (
					"$(inherited)",
					"$(PROJECT_DIR)/PhotoAlbum",
				);
				OTHER_LDFLAGS = (
					"-all_load",
					"-ObjC",
				);
				PRODUCT_NAME = "$(TARGET_NAME)";
				WRAPPER_EXTENSION = app;
			};
			name = Debug;
		};
		8EB91F87194788DF00DB0CC0 /* Release */ = {
			isa = XCBuildConfiguration;
			buildSettings = {
				ASSETCATALOG_COMPILER_APPICON_NAME = AppIcon;
				ASSETCATALOG_COMPILER_LAUNCHIMAGE_NAME = LaunchImage;
				FRAMEWORK_SEARCH_PATHS = (
					"$(inherited)",
					"$(PROJECT_DIR)",
				);
				GCC_PRECOMPILE_PREFIX_HEADER = YES;
				GCC_PREFIX_HEADER = "PhotoAlbum/PhotoAlbum-Prefix.pch";
				INFOPLIST_FILE = "PhotoAlbum/PhotoAlbum-Info.plist";
				LIBRARY_SEARCH_PATHS = (
					"$(inherited)",
					"$(PROJECT_DIR)/PhotoAlbum",
				);
				OTHER_LDFLAGS = (
					"-all_load",
					"-ObjC",
				);
				PRODUCT_NAME = "$(TARGET_NAME)";
				WRAPPER_EXTENSION = app;
			};
			name = Release;
		};
		8EB91F89194788DF00DB0CC0 /* Debug */ = {
			isa = XCBuildConfiguration;
			buildSettings = {
				BUNDLE_LOADER = "$(BUILT_PRODUCTS_DIR)/PhotoAlbum.app/PhotoAlbum";
				FRAMEWORK_SEARCH_PATHS = (
					"$(SDKROOT)/Developer/Library/Frameworks",
					"$(inherited)",
					"$(DEVELOPER_FRAMEWORKS_DIR)",
				);
				GCC_PRECOMPILE_PREFIX_HEADER = YES;
				GCC_PREFIX_HEADER = "PhotoAlbum/PhotoAlbum-Prefix.pch";
				GCC_PREPROCESSOR_DEFINITIONS = (
					"DEBUG=1",
					"$(inherited)",
				);
				INFOPLIST_FILE = "PhotoAlbumTests/PhotoAlbumTests-Info.plist";
				PRODUCT_NAME = "$(TARGET_NAME)";
				TEST_HOST = "$(BUNDLE_LOADER)";
				WRAPPER_EXTENSION = xctest;
			};
			name = Debug;
		};
		8EB91F8A194788DF00DB0CC0 /* Release */ = {
			isa = XCBuildConfiguration;
			buildSettings = {
				BUNDLE_LOADER = "$(BUILT_PRODUCTS_DIR)/PhotoAlbum.app/PhotoAlbum";
				FRAMEWORK_SEARCH_PATHS = (
					"$(SDKROOT)/Developer/Library/Frameworks",
					"$(inherited)",
					"$(DEVELOPER_FRAMEWORKS_DIR)",
				);
				GCC_PRECOMPILE_PREFIX_HEADER = YES;
				GCC_PREFIX_HEADER = "PhotoAlbum/PhotoAlbum-Prefix.pch";
				INFOPLIST_FILE = "PhotoAlbumTests/PhotoAlbumTests-Info.plist";
				PRODUCT_NAME = "$(TARGET_NAME)";
				TEST_HOST = "$(BUNDLE_LOADER)";
				WRAPPER_EXTENSION = xctest;
			};
			name = Release;
		};
/* End XCBuildConfiguration section */

/* Begin XCConfigurationList section */
		8EB91F4E194788DF00DB0CC0 /* Build configuration list for PBXProject "PhotoAlbum" */ = {
			isa = XCConfigurationList;
			buildConfigurations = (
				8EB91F83194788DF00DB0CC0 /* Debug */,
				8EB91F84194788DF00DB0CC0 /* Release */,
			);
			defaultConfigurationIsVisible = 0;
			defaultConfigurationName = Release;
		};
		8EB91F85194788DF00DB0CC0 /* Build configuration list for PBXNativeTarget "PhotoAlbum" */ = {
			isa = XCConfigurationList;
			buildConfigurations = (
				8EB91F86194788DF00DB0CC0 /* Debug */,
				8EB91F87194788DF00DB0CC0 /* Release */,
			);
			defaultConfigurationIsVisible = 0;
			defaultConfigurationName = Release;
		};
		8EB91F88194788DF00DB0CC0 /* Build configuration list for PBXNativeTarget "PhotoAlbumTests" */ = {
			isa = XCConfigurationList;
			buildConfigurations = (
				8EB91F89194788DF00DB0CC0 /* Debug */,
				8EB91F8A194788DF00DB0CC0 /* Release */,
			);
			defaultConfigurationIsVisible = 0;
			defaultConfigurationName = Release;
		};
/* End XCConfigurationList section */
	};
	rootObject = 8EB91F4B194788DF00DB0CC0 /* Project object */;
}
